# Generated by buf. DO NOT EDIT.
version: v2
deps:
  - name: buf.build/googleapis/googleapis
    commit: 72c8614f3bd0466ea67931ef2c43d608
    digest: b5:13efeea24e633fd45327390bdee941207a8727e96cf01affb84c1e4100fd8f48a42bbd508df11930cd2884629bafad685df1ac3111bc78cdaefcd38c9371c6b1
  - name: buf.build/grpc-ecosystem/grpc-gateway
    commit: 4c5ba75caaf84e928b7137ae5c18c26a
    digest: b5:c113e62fb3b29289af785866cae062b55ec8ae19ab3f08f3004098928fbca657730a06810b2012951294326b95669547194fa84476b9e9b688d4f8bf77a0691d
  - name: buf.build/panyam/protoc-gen-go-wasmjs
    commit: 13089b8b995c4288925caef8744de40d
    digest: b5:f825b0a9de63c0d32f2f3841db90831b530cfd35fdf6ff27cff73d5a5491043b2cb5367c83bc2c5f928590552a03b0a50d44b29a0f4a5bb4fbeccfc81b2b0854
  - name: buf.build/panyam/turnengine
    commit: ab3ddf9b669d49b5bd95c111268b255a
    digest: b5:dd7888e0b5171321d9d29308c8b8bdd4307fd356ab2dafbcda6c01fd557f39650faa62da6e0649eea074c24c99faebb1171605b307600cd255c7312ed148ab5d
  - name: buf.build/protocolbuffers/wellknowntypes
    commit: 9220c3cb4fac4bb4a8587d4fd7aa7582
    digest: b5:412c81d3f1549cc9ef52b364a11ab41d9ea6ba5e8e22a2b3f1f614c180b991a76503d715574e94ff77e33f216a1614a8026f1fc01aeaefdaf701155cb125e8bc
